{
  "version": 4,
  "terraform_version": "1.3.6",
  "serial": 22,
  "lineage": "a704fa62-e1e3-36b0-aed6-240e8976533d",
  "outputs": {},
  "resources": [
    {
      "mode": "managed",
      "type": "azurerm_network_interface",
      "name": "NIC11",
      "provider": "provider[\"registry.terraform.io/hashicorp/azurerm\"]",
      "instances": [
        {
          "schema_version": 0,
          "attributes": {
            "applied_dns_servers": [],
            "dns_servers": [],
            "edge_zone": "",
            "enable_accelerated_networking": false,
            "enable_ip_forwarding": false,
            "id": "/subscriptions/67882e92-6412-4fc5-b9ca-1030aa09d729/resourceGroups/oguzhan_resource_group/providers/Microsoft.Network/networkInterfaces/vm11-nic",
            "internal_dns_name_label": "",
            "internal_domain_name_suffix": "vvmbeqh3znyuxblbqmxsz4i5zh.dx.internal.cloudapp.net",
            "ip_configuration": [
              {
                "gateway_load_balancer_frontend_ip_configuration_id": "",
                "name": "testconfiguration1",
                "primary": true,
                "private_ip_address": "10.0.2.4",
                "private_ip_address_allocation": "Dynamic",
                "private_ip_address_version": "IPv4",
                "public_ip_address_id": "",
                "subnet_id": "/subscriptions/67882e92-6412-4fc5-b9ca-1030aa09d729/resourceGroups/oguzhan_resource_group/providers/Microsoft.Network/virtualNetworks/vm11-network/subnets/subnet11"
              }
            ],
            "location": "westus",
            "mac_address": "",
            "name": "vm11-nic",
            "private_ip_address": "10.0.2.4",
            "private_ip_addresses": [
              "10.0.2.4"
            ],
            "resource_group_name": "oguzhan_resource_group",
            "tags": null,
            "timeouts": null,
            "virtual_machine_id": ""
          },
          "sensitive_attributes": [],
          "private": "eyJlMmJmYjczMC1lY2FhLTExZTYtOGY4OC0zNDM2M2JjN2M0YzAiOnsiY3JlYXRlIjoxODAwMDAwMDAwMDAwLCJkZWxldGUiOjE4MDAwMDAwMDAwMDAsInJlYWQiOjMwMDAwMDAwMDAwMCwidXBkYXRlIjoxODAwMDAwMDAwMDAwfX0=",
          "dependencies": [
            "azurerm_resource_group.oguzhan_resource_group",
            "azurerm_subnet.subnet11",
            "azurerm_virtual_network.VNet11"
          ]
        }
      ]
    },
    {
      "mode": "managed",
      "type": "azurerm_resource_group",
      "name": "oguzhan_resource_group",
      "provider": "provider[\"registry.terraform.io/hashicorp/azurerm\"]",
      "instances": [
        {
          "schema_version": 0,
          "attributes": {
            "id": "/subscriptions/67882e92-6412-4fc5-b9ca-1030aa09d729/resourceGroups/oguzhan_resource_group",
            "location": "westus",
            "name": "oguzhan_resource_group",
            "tags": {},
            "timeouts": null
          },
          "sensitive_attributes": [],
          "private": "eyJlMmJmYjczMC1lY2FhLTExZTYtOGY4OC0zNDM2M2JjN2M0YzAiOnsiY3JlYXRlIjo1NDAwMDAwMDAwMDAwLCJkZWxldGUiOjU0MDAwMDAwMDAwMDAsInJlYWQiOjMwMDAwMDAwMDAwMCwidXBkYXRlIjo1NDAwMDAwMDAwMDAwfX0="
        }
      ]
    },
    {
      "mode": "managed",
      "type": "azurerm_storage_account",
      "name": "oguzhan_storage_account",
      "provider": "provider[\"registry.terraform.io/hashicorp/azurerm\"]",
      "instances": [
        {
          "schema_version": 3,
          "attributes": {
            "access_tier": "Hot",
            "account_kind": "StorageV2",
            "account_replication_type": "GRS",
            "account_tier": "Standard",
            "allow_nested_items_to_be_public": true,
            "azure_files_authentication": [],
            "blob_properties": [
              {
                "change_feed_enabled": false,
                "change_feed_retention_in_days": 0,
                "container_delete_retention_policy": [],
                "cors_rule": [],
                "default_service_version": "",
                "delete_retention_policy": [],
                "last_access_time_enabled": false,
                "versioning_enabled": false
              }
            ],
            "cross_tenant_replication_enabled": true,
            "custom_domain": [],
            "customer_managed_key": [],
            "default_to_oauth_authentication": false,
            "edge_zone": "",
            "enable_https_traffic_only": true,
            "id": "/subscriptions/67882e92-6412-4fc5-b9ca-1030aa09d729/resourceGroups/oguzhan_resource_group/providers/Microsoft.Storage/storageAccounts/oguzhanstorageacc",
            "identity": [],
            "immutability_policy": [],
            "infrastructure_encryption_enabled": false,
            "is_hns_enabled": false,
            "large_file_share_enabled": null,
            "location": "westus",
            "min_tls_version": "TLS1_2",
            "name": "oguzhanstorageacc",
            "network_rules": [
              {
                "bypass": [
                  "AzureServices"
                ],
                "default_action": "Allow",
                "ip_rules": [],
                "private_link_access": [],
                "virtual_network_subnet_ids": []
              }
            ],
            "nfsv3_enabled": false,
            "primary_access_key": "F+3VubOvh5EEShVBuNHEP1AgLWfjCAPE7/CuMpukZAjiUV3iFIf0wjyqVPwzXXaKeDWv6cwJaYrb+ASt8FcaTQ==",
            "primary_blob_connection_string": "DefaultEndpointsProtocol=https;BlobEndpoint=https://oguzhanstorageacc.blob.core.windows.net/;AccountName=oguzhanstorageacc;AccountKey=F+3VubOvh5EEShVBuNHEP1AgLWfjCAPE7/CuMpukZAjiUV3iFIf0wjyqVPwzXXaKeDWv6cwJaYrb+ASt8FcaTQ==",
            "primary_blob_endpoint": "https://oguzhanstorageacc.blob.core.windows.net/",
            "primary_blob_host": "oguzhanstorageacc.blob.core.windows.net",
            "primary_connection_string": "DefaultEndpointsProtocol=https;AccountName=oguzhanstorageacc;AccountKey=F+3VubOvh5EEShVBuNHEP1AgLWfjCAPE7/CuMpukZAjiUV3iFIf0wjyqVPwzXXaKeDWv6cwJaYrb+ASt8FcaTQ==;EndpointSuffix=core.windows.net",
            "primary_dfs_endpoint": "https://oguzhanstorageacc.dfs.core.windows.net/",
            "primary_dfs_host": "oguzhanstorageacc.dfs.core.windows.net",
            "primary_file_endpoint": "https://oguzhanstorageacc.file.core.windows.net/",
            "primary_file_host": "oguzhanstorageacc.file.core.windows.net",
            "primary_location": "westus",
            "primary_queue_endpoint": "https://oguzhanstorageacc.queue.core.windows.net/",
            "primary_queue_host": "oguzhanstorageacc.queue.core.windows.net",
            "primary_table_endpoint": "https://oguzhanstorageacc.table.core.windows.net/",
            "primary_table_host": "oguzhanstorageacc.table.core.windows.net",
            "primary_web_endpoint": "https://oguzhanstorageacc.z22.web.core.windows.net/",
            "primary_web_host": "oguzhanstorageacc.z22.web.core.windows.net",
            "public_network_access_enabled": true,
            "queue_encryption_key_type": "Service",
            "queue_properties": [
              {
                "cors_rule": [],
                "hour_metrics": [
                  {
                    "enabled": true,
                    "include_apis": true,
                    "retention_policy_days": 7,
                    "version": "1.0"
                  }
                ],
                "logging": [
                  {
                    "delete": false,
                    "read": false,
                    "retention_policy_days": 0,
                    "version": "1.0",
                    "write": false
                  }
                ],
                "minute_metrics": [
                  {
                    "enabled": false,
                    "include_apis": false,
                    "retention_policy_days": 0,
                    "version": "1.0"
                  }
                ]
              }
            ],
            "resource_group_name": "oguzhan_resource_group",
            "routing": [],
            "sas_policy": [],
            "secondary_access_key": "eBfJx6vHVACH0MnAlDDSQsfY9fI606dGyxzFAs+UOQe85NtrlRA1OdA+UW88+94tbFZhdUahoTAg+AStUyiKww==",
            "secondary_blob_connection_string": "",
            "secondary_blob_endpoint": null,
            "secondary_blob_host": null,
            "secondary_connection_string": "DefaultEndpointsProtocol=https;AccountName=oguzhanstorageacc;AccountKey=eBfJx6vHVACH0MnAlDDSQsfY9fI606dGyxzFAs+UOQe85NtrlRA1OdA+UW88+94tbFZhdUahoTAg+AStUyiKww==;EndpointSuffix=core.windows.net",
            "secondary_dfs_endpoint": null,
            "secondary_dfs_host": null,
            "secondary_file_endpoint": null,
            "secondary_file_host": null,
            "secondary_location": "eastus",
            "secondary_queue_endpoint": null,
            "secondary_queue_host": null,
            "secondary_table_endpoint": null,
            "secondary_table_host": null,
            "secondary_web_endpoint": null,
            "secondary_web_host": null,
            "sftp_enabled": false,
            "share_properties": [
              {
                "cors_rule": [],
                "retention_policy": [
                  {
                    "days": 7
                  }
                ],
                "smb": []
              }
            ],
            "shared_access_key_enabled": true,
            "static_website": [],
            "table_encryption_key_type": "Service",
            "tags": {
              "environment": "staging"
            },
            "timeouts": null
          },
          "sensitive_attributes": [],
          "private": "eyJlMmJmYjczMC1lY2FhLTExZTYtOGY4OC0zNDM2M2JjN2M0YzAiOnsiY3JlYXRlIjozNjAwMDAwMDAwMDAwLCJkZWxldGUiOjM2MDAwMDAwMDAwMDAsInJlYWQiOjMwMDAwMDAwMDAwMCwidXBkYXRlIjozNjAwMDAwMDAwMDAwfSwic2NoZW1hX3ZlcnNpb24iOiIzIn0=",
          "dependencies": [
            "azurerm_resource_group.oguzhan_resource_group"
          ]
        }
      ]
    },
    {
      "mode": "managed",
      "type": "azurerm_subnet",
      "name": "subnet11",
      "provider": "provider[\"registry.terraform.io/hashicorp/azurerm\"]",
      "instances": [
        {
          "schema_version": 0,
          "attributes": {
            "address_prefixes": [
              "10.0.2.0/24"
            ],
            "delegation": [],
            "enforce_private_link_endpoint_network_policies": false,
            "enforce_private_link_service_network_policies": false,
            "id": "/subscriptions/67882e92-6412-4fc5-b9ca-1030aa09d729/resourceGroups/oguzhan_resource_group/providers/Microsoft.Network/virtualNetworks/vm11-network/subnets/subnet11",
            "name": "subnet11",
            "private_endpoint_network_policies_enabled": true,
            "private_link_service_network_policies_enabled": true,
            "resource_group_name": "oguzhan_resource_group",
            "service_endpoint_policy_ids": null,
            "service_endpoints": null,
            "timeouts": null,
            "virtual_network_name": "vm11-network"
          },
          "sensitive_attributes": [],
          "private": "eyJlMmJmYjczMC1lY2FhLTExZTYtOGY4OC0zNDM2M2JjN2M0YzAiOnsiY3JlYXRlIjoxODAwMDAwMDAwMDAwLCJkZWxldGUiOjE4MDAwMDAwMDAwMDAsInJlYWQiOjMwMDAwMDAwMDAwMCwidXBkYXRlIjoxODAwMDAwMDAwMDAwfX0=",
          "dependencies": [
            "azurerm_resource_group.oguzhan_resource_group",
            "azurerm_virtual_network.VNet11"
          ]
        }
      ]
    },
    {
      "mode": "managed",
      "type": "azurerm_virtual_network",
      "name": "VNet11",
      "provider": "provider[\"registry.terraform.io/hashicorp/azurerm\"]",
      "instances": [
        {
          "schema_version": 0,
          "attributes": {
            "address_space": [
              "10.0.0.0/16"
            ],
            "bgp_community": "",
            "ddos_protection_plan": [],
            "dns_servers": [],
            "edge_zone": "",
            "flow_timeout_in_minutes": 0,
            "guid": "401258ad-cbfd-4b71-8561-832f2cf91fcf",
            "id": "/subscriptions/67882e92-6412-4fc5-b9ca-1030aa09d729/resourceGroups/oguzhan_resource_group/providers/Microsoft.Network/virtualNetworks/vm11-network",
            "location": "westus",
            "name": "vm11-network",
            "resource_group_name": "oguzhan_resource_group",
            "subnet": [],
            "tags": null,
            "timeouts": null
          },
          "sensitive_attributes": [],
          "private": "eyJlMmJmYjczMC1lY2FhLTExZTYtOGY4OC0zNDM2M2JjN2M0YzAiOnsiY3JlYXRlIjoxODAwMDAwMDAwMDAwLCJkZWxldGUiOjE4MDAwMDAwMDAwMDAsInJlYWQiOjMwMDAwMDAwMDAwMCwidXBkYXRlIjoxODAwMDAwMDAwMDAwfX0=",
          "dependencies": [
            "azurerm_resource_group.oguzhan_resource_group"
          ]
        }
      ]
    }
  ],
  "check_results": null
}
